<Solution>
  <Configurations>
    <Platform Name="x64" />
    <Platform Name="x86" />
  </Configurations>
  <Project Path="01_基础语法/01_基础语法.vcxproj" Id="d14546ea-fb17-45e9-9a44-bcfc7edfa7b2" />
  <Project Path="02_流程控制/02_流程控制.vcxproj" Id="7fd0bcd8-1201-4f08-ad8a-3118a1286ab1" />
  <Project Path="03_数组/03_数组.vcxproj" Id="8545d9e4-ff66-47c0-8c83-9b3781236aea" />
  <Project Path="04_函数/04_函数.vcxproj" Id="b68e67a3-9653-451e-8be9-5e1f2b90ae16" />
  <Project Path="05_递归/05_递归.vcxproj" Id="1c4c82ff-5143-4740-bd84-73c3541a3f14" />
  <Project Path="扫雷游戏/扫雷游戏.vcxproj" Id="7ca3e171-6511-462e-8045-f55b4a1d98ff" />
</Solution>
